// !$*UTF8*$!
{
	archiveVersion = 1;
	classes = {
	};
	objectVersion = 51;
	objects = {

/* Begin PBXBuildFile section */
		16127E7E2675D63600DDFF5A /* AppDelegate.swift in Sources */ = {isa = PBXBuildFile; fileRef = 16127E7D2675D63600DDFF5A /* AppDelegate.swift */; };
		16127E802675D63600DDFF5A /* SceneDelegate.swift in Sources */ = {isa = PBXBuildFile; fileRef = 16127E7F2675D63600DDFF5A /* SceneDelegate.swift */; };
		16127E822675D63600DDFF5A /* ViewControllerA.swift in Sources */ = {isa = PBXBuildFile; fileRef = 16127E812675D63600DDFF5A /* ViewControllerA.swift */; };
		16127E852675D63600DDFF5A /* Main.storyboard in Resources */ = {isa = PBXBuildFile; fileRef = 16127E832675D63600DDFF5A /* Main.storyboard */; };
		16127E872675D63700DDFF5A /* Assets.xcassets in Resources */ = {isa = PBXBuildFile; fileRef = 16127E862675D63700DDFF5A /* Assets.xcassets */; };
		16127E8A2675D63700DDFF5A /* LaunchScreen.storyboard in Resources */ = {isa = PBXBuildFile; fileRef = 16127E882675D63700DDFF5A /* LaunchScreen.storyboard */; };
		53C39061267F1A9300224E45 /* VCObservable.swift in Sources */ = {isa = PBXBuildFile; fileRef = 53C39060267F1A9300224E45 /* VCObservable.swift */; };
		53FFB112267BB0B900C47D99 /* VCDisposed.swift in Sources */ = {isa = PBXBuildFile; fileRef = 53FFB111267BB0B900C47D99 /* VCDisposed.swift */; };
		55F2ADFFB6A7891F74609D0D /* Pods_RxExercise.framework in Frameworks */ = {isa = PBXBuildFile; fileRef = 0E8B8EF0D144FBB78C6C2A87 /* Pods_RxExercise.framework */; };
/* End PBXBuildFile section */

/* Begin PBXFileReference section */
		0E8B8EF0D144FBB78C6C2A87 /* Pods_RxExercise.framework */ = {isa = PBXFileReference; explicitFileType = wrapper.framework; includeInIndex = 0; path = Pods_RxExercise.framework; sourceTree = BUILT_PRODUCTS_DIR; };
		16127E7A2675D63600DDFF5A /* RxExercise.app */ = {isa = PBXFileReference; explicitFileType = wrapper.application; includeInIndex = 0; path = RxExercise.app; sourceTree = BUILT_PRODUCTS_DIR; };
		16127E7D2675D63600DDFF5A /* AppDelegate.swift */ = {isa = PBXFileReference; lastKnownFileType = sourcecode.swift; path = AppDelegate.swift; sourceTree = "<group>"; };
		16127E7F2675D63600DDFF5A /* SceneDelegate.swift */ = {isa = PBXFileReference; lastKnownFileType = sourcecode.swift; path = SceneDelegate.swift; sourceTree = "<group>"; };
		16127E812675D63600DDFF5A /* ViewControllerA.swift */ = {isa = PBXFileReference; lastKnownFileType = sourcecode.swift; path = ViewControllerA.swift; sourceTree = "<group>"; };
		16127E842675D63600DDFF5A /* Base */ = {isa = PBXFileReference; lastKnownFileType = file.storyboard; name = Base; path = Base.lproj/Main.storyboard; sourceTree = "<group>"; };
		16127E862675D63700DDFF5A /* Assets.xcassets */ = {isa = PBXFileReference; lastKnownFileType = folder.assetcatalog; path = Assets.xcassets; sourceTree = "<group>"; };
		16127E892675D63700DDFF5A /* Base */ = {isa = PBXFileReference; lastKnownFileType = file.storyboard; name = Base; path = Base.lproj/LaunchScreen.storyboard; sourceTree = "<group>"; };
		16127E8B2675D63700DDFF5A /* Info.plist */ = {isa = PBXFileReference; lastKnownFileType = text.plist.xml; path = Info.plist; sourceTree = "<group>"; };
		4C8FCEA875C9B40561D667FC /* Pods-RxExercise.debug.xcconfig */ = {isa = PBXFileReference; includeInIndex = 1; lastKnownFileType = text.xcconfig; name = "Pods-RxExercise.debug.xcconfig"; path = "Target Support Files/Pods-RxExercise/Pods-RxExercise.debug.xcconfig"; sourceTree = "<group>"; };
		53C39060267F1A9300224E45 /* VCObservable.swift */ = {isa = PBXFileReference; lastKnownFileType = sourcecode.swift; path = VCObservable.swift; sourceTree = "<group>"; };
		53FFB111267BB0B900C47D99 /* VCDisposed.swift */ = {isa = PBXFileReference; lastKnownFileType = sourcecode.swift; path = VCDisposed.swift; sourceTree = "<group>"; };
		5D1F66794D07D2C8B4DD692A /* Pods-RxExercise.release.xcconfig */ = {isa = PBXFileReference; includeInIndex = 1; lastKnownFileType = text.xcconfig; name = "Pods-RxExercise.release.xcconfig"; path = "Target Support Files/Pods-RxExercise/Pods-RxExercise.release.xcconfig"; sourceTree = "<group>"; };
/* End PBXFileReference section */

/* Begin PBXFrameworksBuildPhase section */
		16127E772675D63600DDFF5A /* Frameworks */ = {
			isa = PBXFrameworksBuildPhase;
			buildActionMask = 2147483647;
			files = (
				55F2ADFFB6A7891F74609D0D /* Pods_RxExercise.framework in Frameworks */,
			);
			runOnlyForDeploymentPostprocessing = 0;
		};
/* End PBXFrameworksBuildPhase section */

/* Begin PBXGroup section */
		16127E712675D63600DDFF5A = {
			isa = PBXGroup;
			children = (
				16127E7C2675D63600DDFF5A /* RxExercise */,
				16127E7B2675D63600DDFF5A /* Products */,
				EE6DBA7ABC404039637BBC3D /* Pods */,
				1F8ADE175B9E4437E201E959 /* Frameworks */,
			);
			sourceTree = "<group>";
		};
		16127E7B2675D63600DDFF5A /* Products */ = {
			isa = PBXGroup;
			children = (
				16127E7A2675D63600DDFF5A /* RxExercise.app */,
			);
			name = Products;
			sourceTree = "<group>";
		};
		16127E7C2675D63600DDFF5A /* RxExercise */ = {
			isa = PBXGroup;
			children = (
				16127E7D2675D63600DDFF5A /* AppDelegate.swift */,
				16127E7F2675D63600DDFF5A /* SceneDelegate.swift */,
				16127E812675D63600DDFF5A /* ViewControllerA.swift */,
				53FFB111267BB0B900C47D99 /* VCDisposed.swift */,
				53C39060267F1A9300224E45 /* VCObservable.swift */,
				16127E832675D63600DDFF5A /* Main.storyboard */,
				16127E862675D63700DDFF5A /* Assets.xcassets */,
				16127E882675D63700DDFF5A /* LaunchScreen.storyboard */,
				16127E8B2675D63700DDFF5A /* Info.plist */,
			);
			path = RxExercise;
			sourceTree = "<group>";
		};
		1F8ADE175B9E4437E201E959 /* Frameworks */ = {
			isa = PBXGroup;
			children = (
				0E8B8EF0D144FBB78C6C2A87 /* Pods_RxExercise.framework */,
			);
			name = Frameworks;
			sourceTree = "<group>";
		};
		EE6DBA7ABC404039637BBC3D /* Pods */ = {
			isa = PBXGroup;
			children = (
				4C8FCEA875C9B40561D667FC /* Pods-RxExercise.debug.xcconfig */,
				5D1F66794D07D2C8B4DD692A /* Pods-RxExercise.release.xcconfig */,
			);
			path = Pods;
			sourceTree = "<group>";
		};
/* End PBXGroup section */

/* Begin PBXNativeTarget section */
		16127E792675D63600DDFF5A /* RxExercise */ = {
			isa = PBXNativeTarget;
			buildConfigurationList = 16127E8E2675D63700DDFF5A /* Build configuration list for PBXNativeTarget "RxExercise" */;
			buildPhases = (
				59CFF33F42574A12ACFC9E46 /* [CP] Check Pods Manifest.lock */,
				16127E762675D63600DDFF5A /* Sources */,
				16127E772675D63600DDFF5A /* Frameworks */,
				16127E782675D63600DDFF5A /* Resources */,
				32F050D9818804AFDFBA3C52 /* [CP] Embed Pods Frameworks */,
			);
			buildRules = (
			);
			dependencies = (
			);
			name = RxExercise;
			productName = RxExercise;
			productReference = 16127E7A2675D63600DDFF5A /* RxExercise.app */;
			productType = "com.apple.product-type.application";
		};
/* End PBXNativeTarget section */

/* Begin PBXProject section */
		16127E722675D63600DDFF5A /* Project object */ = {
			isa = PBXProject;
			attributes = {
				LastSwiftUpdateCheck = 1200;
				LastUpgradeCheck = 1200;
				TargetAttributes = {
					16127E792675D63600DDFF5A = {
						CreatedOnToolsVersion = 12.0;
					};
				};
			};
			buildConfigurationList = 16127E752675D63600DDFF5A /* Build configuration list for PBXProject "RxExercise" */;
			compatibilityVersion = "Xcode 9.3";
			developmentRegion = en;
			hasScannedForEncodings = 0;
			knownRegions = (
				en,
				Base,
			);
			mainGroup = 16127E712675D63600DDFF5A;
			productRefGroup = 16127E7B2675D63600DDFF5A /* Products */;
			projectDirPath = "";
			projectRoot = "";
			targets = (
				16127E792675D63600DDFF5A /* RxExercise */,
			);
		};
/* End PBXProject section */

/* Begin PBXResourcesBuildPhase section */
		16127E782675D63600DDFF5A /* Resources */ = {
			isa = PBXResourcesBuildPhase;
			buildActionMask = 2147483647;
			files = (
				16127E8A2675D63700DDFF5A /* LaunchScreen.storyboard in Resources */,
				16127E872675D63700DDFF5A /* Assets.xcassets in Resources */,
				16127E852675D63600DDFF5A /* Main.storyboard in Resources */,
			);
			runOnlyForDeploymentPostprocessing = 0;
		};
/* End PBXResourcesBuildPhase section */

/* Begin PBXShellScriptBuildPhase section */
		32F050D9818804AFDFBA3C52 /* [CP] Embed Pods Frameworks */ = {
			isa = PBXShellScriptBuildPhase;
			buildActionMask = 2147483647;
			files = (
			);
			inputFileListPaths = (
				"${PODS_ROOT}/Target Support Files/Pods-RxExercise/Pods-RxExercise-frameworks-${CONFIGURATION}-input-files.xcfilelist",
			);
			name = "[CP] Embed Pods Frameworks";
			outputFileListPaths = (
				"${PODS_ROOT}/Target Support Files/Pods-RxExercise/Pods-RxExercise-frameworks-${CONFIGURATION}-output-files.xcfilelist",
			);
			runOnlyForDeploymentPostprocessing = 0;
			shellPath = /bin/sh;
			shellScript = "\"${PODS_ROOT}/Target Support Files/Pods-RxExercise/Pods-RxExercise-frameworks.sh\"\n";
			showEnvVarsInLog = 0;
		};
		59CFF33F42574A12ACFC9E46 /* [CP] Check Pods Manifest.lock */ = {
			isa = PBXShellScriptBuildPhase;
			buildActionMask = 2147483647;
			files = (
			);
			inputFileListPaths = (
			);
			inputPaths = (
				"${PODS_PODFILE_DIR_PATH}/Podfile.lock",
				"${PODS_ROOT}/Manifest.lock",
			);
			name = "[CP] Check Pods Manifest.lock";
			outputFileListPaths = (
			);
			outputPaths = (
				"$(DERIVED_FILE_DIR)/Pods-RxExercise-checkManifestLockResult.txt",
			);
			runOnlyForDeploymentPostprocessing = 0;
			shellPath = /bin/sh;
			shellScript = "diff \"${PODS_PODFILE_DIR_PATH}/Podfile.lock\" \"${PODS_ROOT}/Manifest.lock\" > /dev/null\nif [ $? != 0 ] ; then\n    # print error to STDERR\n    echo \"error: The sandbox is not in sync with the Podfile.lock. Run 'pod install' or update your CocoaPods installation.\" >&2\n    exit 1\nfi\n# This output is used by Xcode 'outputs' to avoid re-running this script phase.\necho \"SUCCESS\" > \"${SCRIPT_OUTPUT_FILE_0}\"\n";
			showEnvVarsInLog = 0;
		};
/* End PBXShellScriptBuildPhase section */

/* Begin PBXSourcesBuildPhase section */
		16127E762675D63600DDFF5A /* Sources */ = {
			isa = PBXSourcesBuildPhase;
			buildActionMask = 2147483647;
			files = (
				16127E822675D63600DDFF5A /* ViewControllerA.swift in Sources */,
				53FFB112267BB0B900C47D99 /* VCDisposed.swift in Sources */,
				16127E7E2675D63600DDFF5A /* AppDelegate.swift in Sources */,
				16127E802675D63600DDFF5A /* SceneDelegate.swift in Sources */,
				53C39061267F1A9300224E45 /* VCObservable.swift in Sources */,
			);
			runOnlyForDeploymentPostprocessing = 0;
		};
/* End PBXSourcesBuildPhase section */

/* Begin PBXVariantGroup section */
		16127E832675D63600DDFF5A /* Main.storyboard */ = {
			isa = PBXVariantGroup;
			children = (
				16127E842675D63600DDFF5A /* Base */,
			);
			name = Main.storyboard;
			sourceTree = "<group>";
		};
		16127E882675D63700DDFF5A /* LaunchScreen.storyboard */ = {
			isa = PBXVariantGroup;
			children = (
				16127E892675D63700DDFF5A /* Base */,
			);
			name = LaunchScreen.storyboard;
			sourceTree = "<group>";
		};
/* End PBXVariantGroup section */

/* Begin XCBuildConfiguration section */
		16127E8C2675D63700DDFF5A /* Debug */ = {
			isa = XCBuildConfiguration;
			buildSettings = {
				ALWAYS_SEARCH_USER_PATHS = NO;
				CLANG_ANALYZER_NONNULL = YES;
				CLANG_ANALYZER_NUMBER_OBJECT_CONVERSION = YES_AGGRESSIVE;
				CLANG_CXX_LANGUAGE_STANDARD = "gnu++14";
				CLANG_CXX_LIBRARY = "libc++";
				CLANG_ENABLE_MODULES = YES;
				CLANG_ENABLE_OBJC_ARC = YES;
				CLANG_ENABLE_OBJC_WEAK = YES;
				CLANG_WARN_BLOCK_CAPTURE_AUTORELEASING = YES;
				CLANG_WARN_BOOL_CONVERSION = YES;
				CLANG_WARN_COMMA = YES;
				CLANG_WARN_CONSTANT_CONVERSION = YES;
				CLANG_WARN_DEPRECATED_OBJC_IMPLEMENTATIONS = YES;
				CLANG_WARN_DIRECT_OBJC_ISA_USAGE = YES_ERROR;
				CLANG_WARN_DOCUMENTATION_COMMENTS = YES;
				CLANG_WARN_EMPTY_BODY = YES;
				CLANG_WARN_ENUM_CONVERSION = YES;
				CLANG_WARN_INFINITE_RECURSION = YES;
				CLANG_WARN_INT_CONVERSION = YES;
				CLANG_WARN_NON_LITERAL_NULL_CONVERSION = YES;
				CLANG_WARN_OBJC_IMPLICIT_RETAIN_SELF = YES;
				CLANG_WARN_OBJC_LITERAL_CONVERSION = YES;
				CLANG_WARN_OBJC_ROOT_CLASS = YES_ERROR;
				CLANG_WARN_QUOTED_INCLUDE_IN_FRAMEWORK_HEADER = YES;
				CLANG_WARN_RANGE_LOOP_ANALYSIS = YES;
				CLANG_WARN_STRICT_PROTOTYPES = YES;
				CLANG_WARN_SUSPICIOUS_MOVE = YES;
				CLANG_WARN_UNGUARDED_AVAILABILITY = YES_AGGRESSIVE;
				CLANG_WARN_UNREACHABLE_CODE = YES;
				CLANG_WARN__DUPLICATE_METHOD_MATCH = YES;
				COPY_PHASE_STRIP = NO;
				DEBUG_INFORMATION_FORMAT = dwarf;
				ENABLE_STRICT_OBJC_MSGSEND = YES;
				ENABLE_TESTABILITY = YES;
				GCC_C_LANGUAGE_STANDARD = gnu11;
				GCC_DYNAMIC_NO_PIC = NO;
				GCC_NO_COMMON_BLOCKS = YES;
				GCC_OPTIMIZATION_LEVEL = 0;
				GCC_PREPROCESSOR_DEFINITIONS = (
					"DEBUG=1",
					"$(inherited)",
				);
				GCC_WARN_64_TO_32_BIT_CONVERSION = YES;
				GCC_WARN_ABOUT_RETURN_TYPE = YES_ERROR;
				GCC_WARN_UNDECLARED_SELECTOR = YES;
				GCC_WARN_UNINITIALIZED_AUTOS = YES_AGGRESSIVE;
				GCC_WARN_UNUSED_FUNCTION = YES;
				GCC_WARN_UNUSED_VARIABLE = YES;
				IPHONEOS_DEPLOYMENT_TARGET = 14.0;
				MTL_ENABLE_DEBUG_INFO = INCLUDE_SOURCE;
				MTL_FAST_MATH = YES;
				ONLY_ACTIVE_ARCH = YES;
				SDKROOT = iphoneos;
				SWIFT_ACTIVE_COMPILATION_CONDITIONS = DEBUG;
				SWIFT_OPTIMIZATION_LEVEL = "-Onone";
			};
			name = Debug;
		};
		16127E8D2675D63700DDFF5A /* Release */ = {
			isa = XCBuildConfiguration;
			buildSettings = {
				ALWAYS_SEARCH_USER_PATHS = NO;
				CLANG_ANALYZER_NONNULL = YES;
				CLANG_ANALYZER_NUMBER_OBJECT_CONVERSION = YES_AGGRESSIVE;
				CLANG_CXX_LANGUAGE_STANDARD = "gnu++14";
				CLANG_CXX_LIBRARY = "libc++";
				CLANG_ENABLE_MODULES = YES;
				CLANG_ENABLE_OBJC_ARC = YES;
				CLANG_ENABLE_OBJC_WEAK = YES;
				CLANG_WARN_BLOCK_CAPTURE_AUTORELEASING = YES;
				CLANG_WARN_BOOL_CONVERSION = YES;
				CLANG_WARN_COMMA = YES;
				CLANG_WARN_CONSTANT_CONVERSION = YES;
				CLANG_WARN_DEPRECATED_OBJC_IMPLEMENTATIONS = YES;
				CLANG_WARN_DIRECT_OBJC_ISA_USAGE = YES_ERROR;
				CLANG_WARN_DOCUMENTATION_COMMENTS = YES;
				CLANG_WARN_EMPTY_BODY = YES;
				CLANG_WARN_ENUM_CONVERSION = YES;
				CLANG_WARN_INFINITE_RECURSION = YES;
				CLANG_WARN_INT_CONVERSION = YES;
				CLANG_WARN_NON_LITERAL_NULL_CONVERSION = YES;
				CLANG_WARN_OBJC_IMPLICIT_RETAIN_SELF = YES;
				CLANG_WARN_OBJC_LITERAL_CONVERSION = YES;
				CLANG_WARN_OBJC_ROOT_CLASS = YES_ERROR;
				CLANG_WARN_QUOTED_INCLUDE_IN_FRAMEWORK_HEADER = YES;
				CLANG_WARN_RANGE_LOOP_ANALYSIS = YES;
				CLANG_WARN_STRICT_PROTOTYPES = YES;
				CLANG_WARN_SUSPICIOUS_MOVE = YES;
				CLANG_WARN_UNGUARDED_AVAILABILITY = YES_AGGRESSIVE;
				CLANG_WARN_UNREACHABLE_CODE = YES;
				CLANG_WARN__DUPLICATE_METHOD_MATCH = YES;
				COPY_PHASE_STRIP = NO;
				DEBUG_INFORMATION_FORMAT = "dwarf-with-dsym";
				ENABLE_NS_ASSERTIONS = NO;
				ENABLE_STRICT_OBJC_MSGSEND = YES;
				GCC_C_LANGUAGE_STANDARD = gnu11;
				GCC_NO_COMMON_BLOCKS = YES;
				GCC_WARN_64_TO_32_BIT_CONVERSION = YES;
				GCC_WARN_ABOUT_RETURN_TYPE = YES_ERROR;
				GCC_WARN_UNDECLARED_SELECTOR = YES;
				GCC_WARN_UNINITIALIZED_AUTOS = YES_AGGRESSIVE;
				GCC_WARN_UNUSED_FUNCTION = YES;
				GCC_WARN_UNUSED_VARIABLE = YES;
				IPHONEOS_DEPLOYMENT_TARGET = 14.0;
				MTL_ENABLE_DEBUG_INFO = NO;
				MTL_FAST_MATH = YES;
				SDKROOT = iphoneos;
				SWIFT_COMPILATION_MODE = wholemodule;
				SWIFT_OPTIMIZATION_LEVEL = "-O";
				VALIDATE_PRODUCT = YES;
			};
			name = Release;
		};
		16127E8F2675D63700DDFF5A /* Debug */ = {
			isa = XCBuildConfiguration;
			baseConfigurationReference = 4C8FCEA875C9B40561D667FC /* Pods-RxExercise.debug.xcconfig */;
			buildSettings = {
				ASSETCATALOG_COMPILER_APPICON_NAME = AppIcon;
				ASSETCATALOG_COMPILER_GLOBAL_ACCENT_COLOR_NAME = AccentColor;
				CODE_SIGN_STYLE = Automatic;
				DEVELOPMENT_TEAM = 3W9683M8RM;
				INFOPLIST_FILE = RxExercise/Info.plist;
				LD_RUNPATH_SEARCH_PATHS = (
					"$(inherited)",
					"@executable_path/Frameworks",
				);
				PRODUCT_BUNDLE_IDENTIFIER = PIG.RxExercise;
				PRODUCT_NAME = "$(TARGET_NAME)";
				SWIFT_VERSION = 5.0;
				TARGETED_DEVICE_FAMILY = "1,2";
			};
			name = Debug;
		};
		16127E902675D63700DDFF5A /* Release */ = {
			isa = XCBuildConfiguration;
			baseConfigurationReference = 5D1F66794D07D2C8B4DD692A /* Pods-RxExercise.release.xcconfig */;
			buildSettings = {
				ASSETCATALOG_COMPILER_APPICON_NAME = AppIcon;
				ASSETCATALOG_COMPILER_GLOBAL_ACCENT_COLOR_NAME = AccentColor;
				CODE_SIGN_STYLE = Automatic;
				DEVELOPMENT_TEAM = 3W9683M8RM;
				INFOPLIST_FILE = RxExercise/Info.plist;
				LD_RUNPATH_SEARCH_PATHS = (
					"$(inherited)",
					"@executable_path/Frameworks",
				);
				PRODUCT_BUNDLE_IDENTIFIER = PIG.RxExercise;
				PRODUCT_NAME = "$(TARGET_NAME)";
				SWIFT_VERSION = 5.0;
				TARGETED_DEVICE_FAMILY = "1,2";
			};
			name = Release;
		};
/* End XCBuildConfiguration section */

/* Begin XCConfigurationList section */
		16127E752675D63600DDFF5A /* Build configuration list for PBXProject "RxExercise" */ = {
			isa = XCConfigurationList;
			buildConfigurations = (
				16127E8C2675D63700DDFF5A /* Debug */,
				16127E8D2675D63700DDFF5A /* Release */,
			);
			defaultConfigurationIsVisible = 0;
			defaultConfigurationName = Release;
		};
		16127E8E2675D63700DDFF5A /* Build configuration list for PBXNativeTarget "RxExercise" */ = {
			isa = XCConfigurationList;
			buildConfigurations = (
				16127E8F2675D63700DDFF5A /* Debug */,
				16127E902675D63700DDFF5A /* Release */,
			);
			defaultConfigurationIsVisible = 0;
			defaultConfigurationName = Release;
		};
/* End XCConfigurationList section */
	};
	rootObject = 16127E722675D63600DDFF5A /* Project object */;
}
